
Microsoft Visual Studio Solution File, Format Version 12.00
# Visual Studio Version 16
VisualStudioVersion = 16.0.32428.217
MinimumVisualStudioVersion = 10.0.40219.1
Project("{9A19103F-16F7-4668-BE54-9A1E7A4F7556}") = "ToString", "ToString.csproj", "{11B5A4E7-2F9D-4CDE-B012-3A26F48926D1}"
EndProject
Global
	GlobalSection(SolutionConfigurationPlatforms) = preSolution
		Debug|Any CPU = Debug|Any CPU
		Release|Any CPU = Release|Any CPU
	EndGlobalSection
	GlobalSection(ProjectConfigurationPlatforms) = postSolution
		{11B5A4E7-2F9D-4CDE-B012-3A26F48926D1}.Debug|Any CPU.ActiveCfg = Debug|Any CPU
		{11B5A4E7-2F9D-4CDE-B012-3A26F48926D1}.Debug|Any CPU.Build.0 = Debug|Any CPU
		{11B5A4E7-2F9D-4CDE-B012-3A26F48926D1}.Release|Any CPU.ActiveCfg = Release|Any CPU
		{11B5A4E7-2F9D-4CDE-B012-3A26F48926D1}.Release|Any CPU.Build.0 = Release|Any CPU
	EndGlobalSection
	GlobalSection(SolutionProperties) = preSolution
		HideSolutionNode = FALSE
	EndGlobalSection
	GlobalSection(ExtensibilityGlobals) = postSolution
		SolutionGuid = {54B842EB-54C7-4E46-B5B2-0EDF265EE4B5}
	EndGlobalSection
EndGlobal
