
Microsoft Visual Studio Solution File, Format Version 12.00
# Visual Studio Version 16
VisualStudioVersion = 16.0.32428.217
MinimumVisualStudioVersion = 10.0.40219.1
Project("{9A19103F-16F7-4668-BE54-9A1E7A4F7556}") = "Struct", "Struct.csproj", "{6F657AB6-B545-4E71-A13D-CA48D371C79C}"
EndProject
Global
	GlobalSection(SolutionConfigurationPlatforms) = preSolution
		Debug|Any CPU = Debug|Any CPU
		Release|Any CPU = Release|Any CPU
	EndGlobalSection
	GlobalSection(ProjectConfigurationPlatforms) = postSolution
		{6F657AB6-B545-4E71-A13D-CA48D371C79C}.Debug|Any CPU.ActiveCfg = Debug|Any CPU
		{6F657AB6-B545-4E71-A13D-CA48D371C79C}.Debug|Any CPU.Build.0 = Debug|Any CPU
		{6F657AB6-B545-4E71-A13D-CA48D371C79C}.Release|Any CPU.ActiveCfg = Release|Any CPU
		{6F657AB6-B545-4E71-A13D-CA48D371C79C}.Release|Any CPU.Build.0 = Release|Any CPU
	EndGlobalSection
	GlobalSection(SolutionProperties) = preSolution
		HideSolutionNode = FALSE
	EndGlobalSection
	GlobalSection(ExtensibilityGlobals) = postSolution
		SolutionGuid = {18C09523-28DB-4DB2-886F-C318E28E72A0}
	EndGlobalSection
EndGlobal
