
Microsoft Visual Studio Solution File, Format Version 12.00
# Visual Studio Version 16
VisualStudioVersion = 16.0.32428.217
MinimumVisualStudioVersion = 10.0.40219.1
Project("{9A19103F-16F7-4668-BE54-9A1E7A4F7556}") = "Delegates", "Delegates.csproj", "{6C06098F-5598-4066-A8DB-C907DDA97C0C}"
EndProject
Global
	GlobalSection(SolutionConfigurationPlatforms) = preSolution
		Debug|Any CPU = Debug|Any CPU
		Release|Any CPU = Release|Any CPU
	EndGlobalSection
	GlobalSection(ProjectConfigurationPlatforms) = postSolution
		{6C06098F-5598-4066-A8DB-C907DDA97C0C}.Debug|Any CPU.ActiveCfg = Debug|Any CPU
		{6C06098F-5598-4066-A8DB-C907DDA97C0C}.Debug|Any CPU.Build.0 = Debug|Any CPU
		{6C06098F-5598-4066-A8DB-C907DDA97C0C}.Release|Any CPU.ActiveCfg = Release|Any CPU
		{6C06098F-5598-4066-A8DB-C907DDA97C0C}.Release|Any CPU.Build.0 = Release|Any CPU
	EndGlobalSection
	GlobalSection(SolutionProperties) = preSolution
		HideSolutionNode = FALSE
	EndGlobalSection
	GlobalSection(ExtensibilityGlobals) = postSolution
		SolutionGuid = {8AC11ACF-6C00-47A1-A72A-BD45AB609018}
	EndGlobalSection
EndGlobal
