
Microsoft Visual Studio Solution File, Format Version 12.00
# Visual Studio Version 16
VisualStudioVersion = 16.0.32428.217
MinimumVisualStudioVersion = 10.0.40219.1
Project("{9A19103F-16F7-4668-BE54-9A1E7A4F7556}") = "Reflection", "Reflection.csproj", "{9B76FCC7-DC6A-4A8F-8295-784BF6BD1313}"
EndProject
Global
	GlobalSection(SolutionConfigurationPlatforms) = preSolution
		Debug|Any CPU = Debug|Any CPU
		Release|Any CPU = Release|Any CPU
	EndGlobalSection
	GlobalSection(ProjectConfigurationPlatforms) = postSolution
		{9B76FCC7-DC6A-4A8F-8295-784BF6BD1313}.Debug|Any CPU.ActiveCfg = Debug|Any CPU
		{9B76FCC7-DC6A-4A8F-8295-784BF6BD1313}.Debug|Any CPU.Build.0 = Debug|Any CPU
		{9B76FCC7-DC6A-4A8F-8295-784BF6BD1313}.Release|Any CPU.ActiveCfg = Release|Any CPU
		{9B76FCC7-DC6A-4A8F-8295-784BF6BD1313}.Release|Any CPU.Build.0 = Release|Any CPU
	EndGlobalSection
	GlobalSection(SolutionProperties) = preSolution
		HideSolutionNode = FALSE
	EndGlobalSection
	GlobalSection(ExtensibilityGlobals) = postSolution
		SolutionGuid = {6E5C733D-BA8E-45C5-BD0F-F72FA1FDBF70}
	EndGlobalSection
EndGlobal
