
Microsoft Visual Studio Solution File, Format Version 12.00
# Visual Studio Version 16
VisualStudioVersion = 16.0.32428.217
MinimumVisualStudioVersion = 10.0.40219.1
Project("{9A19103F-16F7-4668-BE54-9A1E7A4F7556}") = "MoreEvents", "MoreEvents.csproj", "{FBD4BA4F-94C5-43A6-A77D-6DF076012E8D}"
EndProject
Global
	GlobalSection(SolutionConfigurationPlatforms) = preSolution
		Debug|Any CPU = Debug|Any CPU
		Release|Any CPU = Release|Any CPU
	EndGlobalSection
	GlobalSection(ProjectConfigurationPlatforms) = postSolution
		{FBD4BA4F-94C5-43A6-A77D-6DF076012E8D}.Debug|Any CPU.ActiveCfg = Debug|Any CPU
		{FBD4BA4F-94C5-43A6-A77D-6DF076012E8D}.Debug|Any CPU.Build.0 = Debug|Any CPU
		{FBD4BA4F-94C5-43A6-A77D-6DF076012E8D}.Release|Any CPU.ActiveCfg = Release|Any CPU
		{FBD4BA4F-94C5-43A6-A77D-6DF076012E8D}.Release|Any CPU.Build.0 = Release|Any CPU
	EndGlobalSection
	GlobalSection(SolutionProperties) = preSolution
		HideSolutionNode = FALSE
	EndGlobalSection
	GlobalSection(ExtensibilityGlobals) = postSolution
		SolutionGuid = {7046F50B-3DFE-4D45-8AAF-5DE170338CAA}
	EndGlobalSection
EndGlobal
