
Microsoft Visual Studio Solution File, Format Version 12.00
# Visual Studio Version 16
VisualStudioVersion = 16.0.32428.217
MinimumVisualStudioVersion = 10.0.40219.1
Project("{9A19103F-16F7-4668-BE54-9A1E7A4F7556}") = "Types", "Types.csproj", "{C53EC4CA-19EB-4967-A76F-E4F435B3D925}"
EndProject
Global
	GlobalSection(SolutionConfigurationPlatforms) = preSolution
		Debug|Any CPU = Debug|Any CPU
		Release|Any CPU = Release|Any CPU
	EndGlobalSection
	GlobalSection(ProjectConfigurationPlatforms) = postSolution
		{C53EC4CA-19EB-4967-A76F-E4F435B3D925}.Debug|Any CPU.ActiveCfg = Debug|Any CPU
		{C53EC4CA-19EB-4967-A76F-E4F435B3D925}.Debug|Any CPU.Build.0 = Debug|Any CPU
		{C53EC4CA-19EB-4967-A76F-E4F435B3D925}.Release|Any CPU.ActiveCfg = Release|Any CPU
		{C53EC4CA-19EB-4967-A76F-E4F435B3D925}.Release|Any CPU.Build.0 = Release|Any CPU
	EndGlobalSection
	GlobalSection(SolutionProperties) = preSolution
		HideSolutionNode = FALSE
	EndGlobalSection
	GlobalSection(ExtensibilityGlobals) = postSolution
		SolutionGuid = {EB5A7FC2-57A5-4100-8668-729B4A71FC9F}
	EndGlobalSection
EndGlobal
