
Microsoft Visual Studio Solution File, Format Version 12.00
# Visual Studio 2012
Project("{FAE04EC0-301F-11D3-BF4B-00C04F79EFBC}") = "01-Hello", "01-Hello\01-Hello.csproj", "{FC54825A-87C4-4C31-8766-02447C0395DC}"
EndProject
Project("{FAE04EC0-301F-11D3-BF4B-00C04F79EFBC}") = "02-Namespaces", "02-Namespaces\02-Namespaces.csproj", "{B0B3EEB2-10CB-4A01-892E-8612305959FD}"
EndProject
Project("{FAE04EC0-301F-11D3-BF4B-00C04F79EFBC}") = "03-CommandLine", "03-CommandLine\03-CommandLine.csproj", "{A136F4FE-BA98-4A95-8FE0-565CE5CDF295}"
EndProject
Project("{FAE04EC0-301F-11D3-BF4B-00C04F79EFBC}") = "04-HelloFile", "04-HelloFile\04-HelloFile.csproj", "{50C68365-472A-4FC1-989D-28C61774BF7B}"
EndProject
Project("{FAE04EC0-301F-11D3-BF4B-00C04F79EFBC}") = "05-Arrays", "05-Arrays\05-Arrays.csproj", "{43F8F4BD-768C-4FCF-9C88-E089A5546C6C}"
EndProject
Project("{FAE04EC0-301F-11D3-BF4B-00C04F79EFBC}") = "06-ForLoops", "06-ForLoops\06-ForLoops.csproj", "{0590289C-E0B4-4C4B-9199-823AFABBB0C6}"
EndProject
Project("{FAE04EC0-301F-11D3-BF4B-00C04F79EFBC}") = "07-Parameters", "07-Parameters\07-Parameters.csproj", "{A6466E96-F9F8-4FAB-B1FF-74041DD68586}"
EndProject
Project("{FAE04EC0-301F-11D3-BF4B-00C04F79EFBC}") = "08-Class", "08-Class\08-Class.csproj", "{79E91384-18E9-46BE-A109-0EC13082DB4E}"
EndProject
Project("{FAE04EC0-301F-11D3-BF4B-00C04F79EFBC}") = "09-Properties", "09-Properties\09-Properties.csproj", "{2D4BB441-EC09-4CF2-AD75-70E0D5CE46B7}"
EndProject
Project("{FAE04EC0-301F-11D3-BF4B-00C04F79EFBC}") = "10-AutoProperties", "10-AutoProperties\10-AutoProperties.csproj", "{6F46CAD5-9806-4864-B687-528ABD6D3699}"
EndProject
Project("{FAE04EC0-301F-11D3-BF4B-00C04F79EFBC}") = "11-Types", "11-Types\11-Types.csproj", "{7934930A-97C2-4E57-B1F2-D1B9CCEA6CB8}"
EndProject
Project("{FAE04EC0-301F-11D3-BF4B-00C04F79EFBC}") = "12-Struct", "12-Struct\12-Struct.csproj", "{3B805D93-2D45-48FE-912A-4A4E7822C913}"
EndProject
Project("{FAE04EC0-301F-11D3-BF4B-00C04F79EFBC}") = "13-Derived", "13-Derived\13-Derived.csproj", "{7F58F736-EA0D-4CC9-8A3D-7F8473124C53}"
EndProject
Project("{FAE04EC0-301F-11D3-BF4B-00C04F79EFBC}") = "14-ToString", "14-ToString\14-ToString.csproj", "{B1F2B428-03EF-4A84-9E53-616786543A8B}"
EndProject
Project("{FAE04EC0-301F-11D3-BF4B-00C04F79EFBC}") = "15-Abstract", "15-Abstract\15-Abstract.csproj", "{4546D023-A3CF-4E7A-9460-EC70120836D3}"
EndProject
Project("{FAE04EC0-301F-11D3-BF4B-00C04F79EFBC}") = "16-IndexersAndOperators", "16-IndexersAndOperators\16-IndexersAndOperators.csproj", "{08796FCE-25EB-4BF6-A101-B64E922588E5}"
EndProject
Project("{FAE04EC0-301F-11D3-BF4B-00C04F79EFBC}") = "17-MoreNamespaces", "17-MoreNamespaces\17-MoreNamespaces.csproj", "{03243C28-DFC2-46ED-A82A-BE5940D0EAB4}"
EndProject
Project("{FAE04EC0-301F-11D3-BF4B-00C04F79EFBC}") = "18-Delegates", "18-Delegates\18-Delegates.csproj", "{41D868A9-594B-4220-9E9C-5BA0976FB1B7}"
EndProject
Project("{FAE04EC0-301F-11D3-BF4B-00C04F79EFBC}") = "19-Events", "19-Events\19-Events.csproj", "{2307DB11-0972-465F-84F4-1C3FA76F9806}"
EndProject
Project("{FAE04EC0-301F-11D3-BF4B-00C04F79EFBC}") = "20-MoreEvents", "20-MoreEvents\20-MoreEvents.csproj", "{8CA2515B-DB5C-4E10-809F-BF68C8A1D04C}"
EndProject
Project("{FAE04EC0-301F-11D3-BF4B-00C04F79EFBC}") = "21-Generics", "21-Generics\21-Generics.csproj", "{EB77487C-7F1E-4694-B748-6BBB11D5D10D}"
EndProject
Project("{FAE04EC0-301F-11D3-BF4B-00C04F79EFBC}") = "22-MoreGenerics", "22-MoreGenerics\22-MoreGenerics.csproj", "{75C84508-813F-4F7A-9B42-D1D7370B1101}"
EndProject
Project("{FAE04EC0-301F-11D3-BF4B-00C04F79EFBC}") = "23-Nullable", "23-Nullable\23-Nullable.csproj", "{5B1D67DB-0829-4978-8FEF-6A553070B145}"
EndProject
Project("{FAE04EC0-301F-11D3-BF4B-00C04F79EFBC}") = "24-Interfaces", "24-Interfaces\24-Interfaces.csproj", "{1D5BBF80-C769-4425-A90D-7E1679269237}"
EndProject
Project("{FAE04EC0-301F-11D3-BF4B-00C04F79EFBC}") = "25-Equality", "25-Equality\25-Equality.csproj", "{8C10388D-FDF5-4172-A228-0E64EFD850BC}"
EndProject
Project("{FAE04EC0-301F-11D3-BF4B-00C04F79EFBC}") = "26-Iterators", "26-Iterators\26-Iterators.csproj", "{600114D0-C487-4EB4-9813-F5645E7CC171}"
EndProject
Project("{FAE04EC0-301F-11D3-BF4B-00C04F79EFBC}") = "27-Reflection", "27-Reflection\27-Reflection.csproj", "{F9EF89F2-E17A-4EEF-BE54-576AE2F648C3}"
EndProject
Project("{FAE04EC0-301F-11D3-BF4B-00C04F79EFBC}") = "28-Attributes", "28-Attributes\28-Attributes.csproj", "{032BDD59-4244-4182-B33F-18B5F1E6290A}"
EndProject
Project("{FAE04EC0-301F-11D3-BF4B-00C04F79EFBC}") = "29-Initializers", "29-Initializers\29-Initializers.csproj", "{3FE66B19-D5CC-4E13-BCF2-686933AE9081}"
EndProject
Project("{FAE04EC0-301F-11D3-BF4B-00C04F79EFBC}") = "30-Partials", "30-Partials\30-Partials.csproj", "{D7FBDB62-5064-41FC-84BC-62C4AA5DE461}"
EndProject
Project("{FAE04EC0-301F-11D3-BF4B-00C04F79EFBC}") = "31-Anonymous", "31-Anonymous\31-Anonymous.csproj", "{299E959F-F344-4A27-8B0A-2D798530C81D}"
EndProject
Project("{FAE04EC0-301F-11D3-BF4B-00C04F79EFBC}") = "32-Lambda", "32-Lambda\32-Lambda.csproj", "{B9BD0E55-FBF0-47F6-93B1-1F17E73A283C}"
EndProject
Project("{FAE04EC0-301F-11D3-BF4B-00C04F79EFBC}") = "33-Implicit", "33-Implicit\33-Implicit.csproj", "{D0C1CC90-1765-4826-B39F-E982F53A372D}"
EndProject
Project("{FAE04EC0-301F-11D3-BF4B-00C04F79EFBC}") = "34-Extension", "34-Extension\34-Extension.csproj", "{BE0FED1F-E9F7-4F89-98F2-C9C832082ADD}"
EndProject
Project("{FAE04EC0-301F-11D3-BF4B-00C04F79EFBC}") = "35-Dynamic", "35-Dynamic\35-Dynamic.csproj", "{725530A6-278A-4F0C-9312-6CA0F074366F}"
EndProject
Global
	GlobalSection(SolutionConfigurationPlatforms) = preSolution
		Debug|Any CPU = Debug|Any CPU
		Release|Any CPU = Release|Any CPU
	EndGlobalSection
	GlobalSection(ProjectConfigurationPlatforms) = postSolution
		{FC54825A-87C4-4C31-8766-02447C0395DC}.Debug|Any CPU.ActiveCfg = Debug|Any CPU
		{FC54825A-87C4-4C31-8766-02447C0395DC}.Debug|Any CPU.Build.0 = Debug|Any CPU
		{FC54825A-87C4-4C31-8766-02447C0395DC}.Release|Any CPU.ActiveCfg = Release|Any CPU
		{FC54825A-87C4-4C31-8766-02447C0395DC}.Release|Any CPU.Build.0 = Release|Any CPU
		{B0B3EEB2-10CB-4A01-892E-8612305959FD}.Debug|Any CPU.ActiveCfg = Debug|Any CPU
		{B0B3EEB2-10CB-4A01-892E-8612305959FD}.Debug|Any CPU.Build.0 = Debug|Any CPU
		{B0B3EEB2-10CB-4A01-892E-8612305959FD}.Release|Any CPU.ActiveCfg = Release|Any CPU
		{B0B3EEB2-10CB-4A01-892E-8612305959FD}.Release|Any CPU.Build.0 = Release|Any CPU
		{A136F4FE-BA98-4A95-8FE0-565CE5CDF295}.Debug|Any CPU.ActiveCfg = Debug|Any CPU
		{A136F4FE-BA98-4A95-8FE0-565CE5CDF295}.Debug|Any CPU.Build.0 = Debug|Any CPU
		{A136F4FE-BA98-4A95-8FE0-565CE5CDF295}.Release|Any CPU.ActiveCfg = Release|Any CPU
		{A136F4FE-BA98-4A95-8FE0-565CE5CDF295}.Release|Any CPU.Build.0 = Release|Any CPU
		{50C68365-472A-4FC1-989D-28C61774BF7B}.Debug|Any CPU.ActiveCfg = Debug|Any CPU
		{50C68365-472A-4FC1-989D-28C61774BF7B}.Debug|Any CPU.Build.0 = Debug|Any CPU
		{50C68365-472A-4FC1-989D-28C61774BF7B}.Release|Any CPU.ActiveCfg = Release|Any CPU
		{50C68365-472A-4FC1-989D-28C61774BF7B}.Release|Any CPU.Build.0 = Release|Any CPU
		{43F8F4BD-768C-4FCF-9C88-E089A5546C6C}.Debug|Any CPU.ActiveCfg = Debug|Any CPU
		{43F8F4BD-768C-4FCF-9C88-E089A5546C6C}.Debug|Any CPU.Build.0 = Debug|Any CPU
		{43F8F4BD-768C-4FCF-9C88-E089A5546C6C}.Release|Any CPU.ActiveCfg = Release|Any CPU
		{43F8F4BD-768C-4FCF-9C88-E089A5546C6C}.Release|Any CPU.Build.0 = Release|Any CPU
		{0590289C-E0B4-4C4B-9199-823AFABBB0C6}.Debug|Any CPU.ActiveCfg = Debug|Any CPU
		{0590289C-E0B4-4C4B-9199-823AFABBB0C6}.Debug|Any CPU.Build.0 = Debug|Any CPU
		{0590289C-E0B4-4C4B-9199-823AFABBB0C6}.Release|Any CPU.ActiveCfg = Release|Any CPU
		{0590289C-E0B4-4C4B-9199-823AFABBB0C6}.Release|Any CPU.Build.0 = Release|Any CPU
		{A6466E96-F9F8-4FAB-B1FF-74041DD68586}.Debug|Any CPU.ActiveCfg = Debug|Any CPU
		{A6466E96-F9F8-4FAB-B1FF-74041DD68586}.Debug|Any CPU.Build.0 = Debug|Any CPU
		{A6466E96-F9F8-4FAB-B1FF-74041DD68586}.Release|Any CPU.ActiveCfg = Release|Any CPU
		{A6466E96-F9F8-4FAB-B1FF-74041DD68586}.Release|Any CPU.Build.0 = Release|Any CPU
		{79E91384-18E9-46BE-A109-0EC13082DB4E}.Debug|Any CPU.ActiveCfg = Debug|Any CPU
		{79E91384-18E9-46BE-A109-0EC13082DB4E}.Debug|Any CPU.Build.0 = Debug|Any CPU
		{79E91384-18E9-46BE-A109-0EC13082DB4E}.Release|Any CPU.ActiveCfg = Release|Any CPU
		{79E91384-18E9-46BE-A109-0EC13082DB4E}.Release|Any CPU.Build.0 = Release|Any CPU
		{2D4BB441-EC09-4CF2-AD75-70E0D5CE46B7}.Debug|Any CPU.ActiveCfg = Debug|Any CPU
		{2D4BB441-EC09-4CF2-AD75-70E0D5CE46B7}.Debug|Any CPU.Build.0 = Debug|Any CPU
		{2D4BB441-EC09-4CF2-AD75-70E0D5CE46B7}.Release|Any CPU.ActiveCfg = Release|Any CPU
		{2D4BB441-EC09-4CF2-AD75-70E0D5CE46B7}.Release|Any CPU.Build.0 = Release|Any CPU
		{6F46CAD5-9806-4864-B687-528ABD6D3699}.Debug|Any CPU.ActiveCfg = Debug|Any CPU
		{6F46CAD5-9806-4864-B687-528ABD6D3699}.Debug|Any CPU.Build.0 = Debug|Any CPU
		{6F46CAD5-9806-4864-B687-528ABD6D3699}.Release|Any CPU.ActiveCfg = Release|Any CPU
		{6F46CAD5-9806-4864-B687-528ABD6D3699}.Release|Any CPU.Build.0 = Release|Any CPU
		{7934930A-97C2-4E57-B1F2-D1B9CCEA6CB8}.Debug|Any CPU.ActiveCfg = Debug|Any CPU
		{7934930A-97C2-4E57-B1F2-D1B9CCEA6CB8}.Debug|Any CPU.Build.0 = Debug|Any CPU
		{7934930A-97C2-4E57-B1F2-D1B9CCEA6CB8}.Release|Any CPU.ActiveCfg = Release|Any CPU
		{7934930A-97C2-4E57-B1F2-D1B9CCEA6CB8}.Release|Any CPU.Build.0 = Release|Any CPU
		{3B805D93-2D45-48FE-912A-4A4E7822C913}.Debug|Any CPU.ActiveCfg = Debug|Any CPU
		{3B805D93-2D45-48FE-912A-4A4E7822C913}.Debug|Any CPU.Build.0 = Debug|Any CPU
		{3B805D93-2D45-48FE-912A-4A4E7822C913}.Release|Any CPU.ActiveCfg = Release|Any CPU
		{3B805D93-2D45-48FE-912A-4A4E7822C913}.Release|Any CPU.Build.0 = Release|Any CPU
		{7F58F736-EA0D-4CC9-8A3D-7F8473124C53}.Debug|Any CPU.ActiveCfg = Debug|Any CPU
		{7F58F736-EA0D-4CC9-8A3D-7F8473124C53}.Debug|Any CPU.Build.0 = Debug|Any CPU
		{7F58F736-EA0D-4CC9-8A3D-7F8473124C53}.Release|Any CPU.ActiveCfg = Release|Any CPU
		{7F58F736-EA0D-4CC9-8A3D-7F8473124C53}.Release|Any CPU.Build.0 = Release|Any CPU
		{B1F2B428-03EF-4A84-9E53-616786543A8B}.Debug|Any CPU.ActiveCfg = Debug|Any CPU
		{B1F2B428-03EF-4A84-9E53-616786543A8B}.Debug|Any CPU.Build.0 = Debug|Any CPU
		{B1F2B428-03EF-4A84-9E53-616786543A8B}.Release|Any CPU.ActiveCfg = Release|Any CPU
		{B1F2B428-03EF-4A84-9E53-616786543A8B}.Release|Any CPU.Build.0 = Release|Any CPU
		{4546D023-A3CF-4E7A-9460-EC70120836D3}.Debug|Any CPU.ActiveCfg = Debug|Any CPU
		{4546D023-A3CF-4E7A-9460-EC70120836D3}.Debug|Any CPU.Build.0 = Debug|Any CPU
		{4546D023-A3CF-4E7A-9460-EC70120836D3}.Release|Any CPU.ActiveCfg = Release|Any CPU
		{4546D023-A3CF-4E7A-9460-EC70120836D3}.Release|Any CPU.Build.0 = Release|Any CPU
		{08796FCE-25EB-4BF6-A101-B64E922588E5}.Debug|Any CPU.ActiveCfg = Debug|Any CPU
		{08796FCE-25EB-4BF6-A101-B64E922588E5}.Debug|Any CPU.Build.0 = Debug|Any CPU
		{08796FCE-25EB-4BF6-A101-B64E922588E5}.Release|Any CPU.ActiveCfg = Release|Any CPU
		{08796FCE-25EB-4BF6-A101-B64E922588E5}.Release|Any CPU.Build.0 = Release|Any CPU
		{03243C28-DFC2-46ED-A82A-BE5940D0EAB4}.Debug|Any CPU.ActiveCfg = Debug|Any CPU
		{03243C28-DFC2-46ED-A82A-BE5940D0EAB4}.Debug|Any CPU.Build.0 = Debug|Any CPU
		{03243C28-DFC2-46ED-A82A-BE5940D0EAB4}.Release|Any CPU.ActiveCfg = Release|Any CPU
		{03243C28-DFC2-46ED-A82A-BE5940D0EAB4}.Release|Any CPU.Build.0 = Release|Any CPU
		{41D868A9-594B-4220-9E9C-5BA0976FB1B7}.Debug|Any CPU.ActiveCfg = Debug|Any CPU
		{41D868A9-594B-4220-9E9C-5BA0976FB1B7}.Debug|Any CPU.Build.0 = Debug|Any CPU
		{41D868A9-594B-4220-9E9C-5BA0976FB1B7}.Release|Any CPU.ActiveCfg = Release|Any CPU
		{41D868A9-594B-4220-9E9C-5BA0976FB1B7}.Release|Any CPU.Build.0 = Release|Any CPU
		{2307DB11-0972-465F-84F4-1C3FA76F9806}.Debug|Any CPU.ActiveCfg = Debug|Any CPU
		{2307DB11-0972-465F-84F4-1C3FA76F9806}.Debug|Any CPU.Build.0 = Debug|Any CPU
		{2307DB11-0972-465F-84F4-1C3FA76F9806}.Release|Any CPU.ActiveCfg = Release|Any CPU
		{2307DB11-0972-465F-84F4-1C3FA76F9806}.Release|Any CPU.Build.0 = Release|Any CPU
		{8CA2515B-DB5C-4E10-809F-BF68C8A1D04C}.Debug|Any CPU.ActiveCfg = Debug|Any CPU
		{8CA2515B-DB5C-4E10-809F-BF68C8A1D04C}.Debug|Any CPU.Build.0 = Debug|Any CPU
		{8CA2515B-DB5C-4E10-809F-BF68C8A1D04C}.Release|Any CPU.ActiveCfg = Release|Any CPU
		{8CA2515B-DB5C-4E10-809F-BF68C8A1D04C}.Release|Any CPU.Build.0 = Release|Any CPU
		{EB77487C-7F1E-4694-B748-6BBB11D5D10D}.Debug|Any CPU.ActiveCfg = Debug|Any CPU
		{EB77487C-7F1E-4694-B748-6BBB11D5D10D}.Debug|Any CPU.Build.0 = Debug|Any CPU
		{EB77487C-7F1E-4694-B748-6BBB11D5D10D}.Release|Any CPU.ActiveCfg = Release|Any CPU
		{EB77487C-7F1E-4694-B748-6BBB11D5D10D}.Release|Any CPU.Build.0 = Release|Any CPU
		{75C84508-813F-4F7A-9B42-D1D7370B1101}.Debug|Any CPU.ActiveCfg = Debug|Any CPU
		{75C84508-813F-4F7A-9B42-D1D7370B1101}.Debug|Any CPU.Build.0 = Debug|Any CPU
		{75C84508-813F-4F7A-9B42-D1D7370B1101}.Release|Any CPU.ActiveCfg = Release|Any CPU
		{75C84508-813F-4F7A-9B42-D1D7370B1101}.Release|Any CPU.Build.0 = Release|Any CPU
		{1D5BBF80-C769-4425-A90D-7E1679269237}.Debug|Any CPU.ActiveCfg = Debug|Any CPU
		{1D5BBF80-C769-4425-A90D-7E1679269237}.Debug|Any CPU.Build.0 = Debug|Any CPU
		{1D5BBF80-C769-4425-A90D-7E1679269237}.Release|Any CPU.ActiveCfg = Release|Any CPU
		{1D5BBF80-C769-4425-A90D-7E1679269237}.Release|Any CPU.Build.0 = Release|Any CPU
		{8C10388D-FDF5-4172-A228-0E64EFD850BC}.Debug|Any CPU.ActiveCfg = Debug|Any CPU
		{8C10388D-FDF5-4172-A228-0E64EFD850BC}.Debug|Any CPU.Build.0 = Debug|Any CPU
		{8C10388D-FDF5-4172-A228-0E64EFD850BC}.Release|Any CPU.ActiveCfg = Release|Any CPU
		{8C10388D-FDF5-4172-A228-0E64EFD850BC}.Release|Any CPU.Build.0 = Release|Any CPU
		{600114D0-C487-4EB4-9813-F5645E7CC171}.Debug|Any CPU.ActiveCfg = Debug|Any CPU
		{600114D0-C487-4EB4-9813-F5645E7CC171}.Debug|Any CPU.Build.0 = Debug|Any CPU
		{600114D0-C487-4EB4-9813-F5645E7CC171}.Release|Any CPU.ActiveCfg = Release|Any CPU
		{600114D0-C487-4EB4-9813-F5645E7CC171}.Release|Any CPU.Build.0 = Release|Any CPU
		{F9EF89F2-E17A-4EEF-BE54-576AE2F648C3}.Debug|Any CPU.ActiveCfg = Debug|Any CPU
		{F9EF89F2-E17A-4EEF-BE54-576AE2F648C3}.Debug|Any CPU.Build.0 = Debug|Any CPU
		{F9EF89F2-E17A-4EEF-BE54-576AE2F648C3}.Release|Any CPU.ActiveCfg = Release|Any CPU
		{F9EF89F2-E17A-4EEF-BE54-576AE2F648C3}.Release|Any CPU.Build.0 = Release|Any CPU
		{032BDD59-4244-4182-B33F-18B5F1E6290A}.Debug|Any CPU.ActiveCfg = Debug|Any CPU
		{032BDD59-4244-4182-B33F-18B5F1E6290A}.Debug|Any CPU.Build.0 = Debug|Any CPU
		{032BDD59-4244-4182-B33F-18B5F1E6290A}.Release|Any CPU.ActiveCfg = Release|Any CPU
		{032BDD59-4244-4182-B33F-18B5F1E6290A}.Release|Any CPU.Build.0 = Release|Any CPU
		{3FE66B19-D5CC-4E13-BCF2-686933AE9081}.Debug|Any CPU.ActiveCfg = Debug|Any CPU
		{3FE66B19-D5CC-4E13-BCF2-686933AE9081}.Debug|Any CPU.Build.0 = Debug|Any CPU
		{3FE66B19-D5CC-4E13-BCF2-686933AE9081}.Release|Any CPU.ActiveCfg = Release|Any CPU
		{3FE66B19-D5CC-4E13-BCF2-686933AE9081}.Release|Any CPU.Build.0 = Release|Any CPU
		{D7FBDB62-5064-41FC-84BC-62C4AA5DE461}.Debug|Any CPU.ActiveCfg = Debug|Any CPU
		{D7FBDB62-5064-41FC-84BC-62C4AA5DE461}.Debug|Any CPU.Build.0 = Debug|Any CPU
		{D7FBDB62-5064-41FC-84BC-62C4AA5DE461}.Release|Any CPU.ActiveCfg = Release|Any CPU
		{D7FBDB62-5064-41FC-84BC-62C4AA5DE461}.Release|Any CPU.Build.0 = Release|Any CPU
		{299E959F-F344-4A27-8B0A-2D798530C81D}.Debug|Any CPU.ActiveCfg = Debug|Any CPU
		{299E959F-F344-4A27-8B0A-2D798530C81D}.Debug|Any CPU.Build.0 = Debug|Any CPU
		{299E959F-F344-4A27-8B0A-2D798530C81D}.Release|Any CPU.ActiveCfg = Release|Any CPU
		{299E959F-F344-4A27-8B0A-2D798530C81D}.Release|Any CPU.Build.0 = Release|Any CPU
		{B9BD0E55-FBF0-47F6-93B1-1F17E73A283C}.Debug|Any CPU.ActiveCfg = Debug|Any CPU
		{B9BD0E55-FBF0-47F6-93B1-1F17E73A283C}.Debug|Any CPU.Build.0 = Debug|Any CPU
		{B9BD0E55-FBF0-47F6-93B1-1F17E73A283C}.Release|Any CPU.ActiveCfg = Release|Any CPU
		{B9BD0E55-FBF0-47F6-93B1-1F17E73A283C}.Release|Any CPU.Build.0 = Release|Any CPU
		{D0C1CC90-1765-4826-B39F-E982F53A372D}.Debug|Any CPU.ActiveCfg = Debug|Any CPU
		{D0C1CC90-1765-4826-B39F-E982F53A372D}.Debug|Any CPU.Build.0 = Debug|Any CPU
		{D0C1CC90-1765-4826-B39F-E982F53A372D}.Release|Any CPU.ActiveCfg = Release|Any CPU
		{D0C1CC90-1765-4826-B39F-E982F53A372D}.Release|Any CPU.Build.0 = Release|Any CPU
		{BE0FED1F-E9F7-4F89-98F2-C9C832082ADD}.Debug|Any CPU.ActiveCfg = Debug|Any CPU
		{BE0FED1F-E9F7-4F89-98F2-C9C832082ADD}.Debug|Any CPU.Build.0 = Debug|Any CPU
		{BE0FED1F-E9F7-4F89-98F2-C9C832082ADD}.Release|Any CPU.ActiveCfg = Release|Any CPU
		{BE0FED1F-E9F7-4F89-98F2-C9C832082ADD}.Release|Any CPU.Build.0 = Release|Any CPU
		{725530A6-278A-4F0C-9312-6CA0F074366F}.Debug|Any CPU.ActiveCfg = Debug|Any CPU
		{725530A6-278A-4F0C-9312-6CA0F074366F}.Debug|Any CPU.Build.0 = Debug|Any CPU
		{725530A6-278A-4F0C-9312-6CA0F074366F}.Release|Any CPU.ActiveCfg = Release|Any CPU
		{725530A6-278A-4F0C-9312-6CA0F074366F}.Release|Any CPU.Build.0 = Release|Any CPU
		{5B1D67DB-0829-4978-8FEF-6A553070B145}.Debug|Any CPU.ActiveCfg = Debug|Any CPU
		{5B1D67DB-0829-4978-8FEF-6A553070B145}.Debug|Any CPU.Build.0 = Debug|Any CPU
		{5B1D67DB-0829-4978-8FEF-6A553070B145}.Release|Any CPU.ActiveCfg = Release|Any CPU
		{5B1D67DB-0829-4978-8FEF-6A553070B145}.Release|Any CPU.Build.0 = Release|Any CPU
	EndGlobalSection
	GlobalSection(SolutionProperties) = preSolution
		HideSolutionNode = FALSE
	EndGlobalSection
EndGlobal
