
Microsoft Visual Studio Solution File, Format Version 12.00
# Visual Studio Version 16
VisualStudioVersion = 16.0.31911.196
MinimumVisualStudioVersion = 10.0.40219.1
Project("{9A19103F-16F7-4668-BE54-9A1E7A4F7556}") = "01-Hello", "01-Hello\01-Hello.csproj", "{514EF21B-C5E7-47B4-AF3A-2A570A22CBAD}"
EndProject
Project("{9A19103F-16F7-4668-BE54-9A1E7A4F7556}") = "02-Namespaces", "02-Namespaces\02-Namespaces.csproj", "{416E5671-8299-4C6D-9EAA-813C56990412}"
EndProject
Project("{9A19103F-16F7-4668-BE54-9A1E7A4F7556}") = "03-CommandLine", "03-CommandLine\03-CommandLine.csproj", "{B51F0573-5268-4A12-B19B-321973A75285}"
EndProject
Project("{9A19103F-16F7-4668-BE54-9A1E7A4F7556}") = "04-HelloFile", "04-HelloFile\04-HelloFile.csproj", "{E0B40F5E-17B2-4909-8D34-3E637A192FFB}"
EndProject
Project("{9A19103F-16F7-4668-BE54-9A1E7A4F7556}") = "05-Arrays", "05-Arrays\05-Arrays.csproj", "{A6A64DC8-7257-4EC1-B3FE-5ED9C21DD14B}"
EndProject
Project("{9A19103F-16F7-4668-BE54-9A1E7A4F7556}") = "06-ForLoops", "06-ForLoops\06-ForLoops.csproj", "{5E3EBFE6-5DEB-4731-8E5D-AE27594F91C4}"
EndProject
Project("{9A19103F-16F7-4668-BE54-9A1E7A4F7556}") = "07-Parameters", "07-Parameters\07-Parameters.csproj", "{84B18E3E-7A5F-4537-B806-15AD5F715C23}"
EndProject
Project("{9A19103F-16F7-4668-BE54-9A1E7A4F7556}") = "08-Class", "08-Class\08-Class.csproj", "{333BBBF5-2D41-4126-86C9-3B7AAB384CB0}"
EndProject
Project("{9A19103F-16F7-4668-BE54-9A1E7A4F7556}") = "09-Properties", "09-Properties\09-Properties.csproj", "{1CCA94C4-6C0F-4CED-BF37-70254ABDF97D}"
EndProject
Project("{9A19103F-16F7-4668-BE54-9A1E7A4F7556}") = "10-AutoProperties", "10-AutoProperties\10-AutoProperties.csproj", "{C1F0E62E-D044-4569-8E04-B7C251E4B03E}"
EndProject
Project("{9A19103F-16F7-4668-BE54-9A1E7A4F7556}") = "11-Types", "11-Types\11-Types.csproj", "{58EA715C-841E-4056-81AB-F8A077ED185F}"
EndProject
Project("{9A19103F-16F7-4668-BE54-9A1E7A4F7556}") = "12-Struct", "12-Struct\12-Struct.csproj", "{0F886F7D-34BC-4720-8EA1-CF81354ADDD4}"
EndProject
Project("{9A19103F-16F7-4668-BE54-9A1E7A4F7556}") = "13-Derived", "13-Derived\13-Derived.csproj", "{FD992B07-80F2-4129-9688-DB3D47F24935}"
EndProject
Project("{9A19103F-16F7-4668-BE54-9A1E7A4F7556}") = "14-ToString", "14-ToString\14-ToString.csproj", "{01735D65-9A46-4F95-A11C-63746DAF18CC}"
EndProject
Project("{9A19103F-16F7-4668-BE54-9A1E7A4F7556}") = "15-Abstract", "15-Abstract\15-Abstract.csproj", "{6BC44289-6287-4A48-B2F3-50952A865EF9}"
EndProject
Project("{9A19103F-16F7-4668-BE54-9A1E7A4F7556}") = "16-IndexersAndOperators", "16-IndexersAndOperators\16-IndexersAndOperators.csproj", "{E174A4C0-B36D-4BE6-AB97-B7953E5A8FA0}"
EndProject
Project("{9A19103F-16F7-4668-BE54-9A1E7A4F7556}") = "17-MoreNamespaces", "17-MoreNamespaces\17-MoreNamespaces.csproj", "{4E2B0B51-9C8B-4992-9657-82779AE909DF}"
EndProject
Project("{9A19103F-16F7-4668-BE54-9A1E7A4F7556}") = "18-Delegates", "18-Delegates\18-Delegates.csproj", "{63CDDD24-3720-412C-B88C-CDE903123EF2}"
EndProject
Project("{9A19103F-16F7-4668-BE54-9A1E7A4F7556}") = "19-Events", "19-Events\19-Events.csproj", "{29F79097-8F77-4BF6-8C4C-E8BFC5A1D27A}"
EndProject
Project("{9A19103F-16F7-4668-BE54-9A1E7A4F7556}") = "20-MoreEvents", "20-MoreEvents\20-MoreEvents.csproj", "{C56C1905-3D92-4C3C-84CA-0F44AE2CEA14}"
EndProject
Project("{9A19103F-16F7-4668-BE54-9A1E7A4F7556}") = "21-Generics", "21-Generics\21-Generics.csproj", "{F7E1B570-0F12-4262-B8E9-5D758BD1DC9F}"
EndProject
Project("{9A19103F-16F7-4668-BE54-9A1E7A4F7556}") = "22-MoreGenerics", "22-MoreGenerics\22-MoreGenerics.csproj", "{419495BA-D0F7-4F7D-90F3-08814EC482CB}"
EndProject
Project("{9A19103F-16F7-4668-BE54-9A1E7A4F7556}") = "23-Nullable", "23-Nullable\23-Nullable.csproj", "{F31D0600-8287-4110-9F4A-BA24DEB16C1A}"
EndProject
Project("{9A19103F-16F7-4668-BE54-9A1E7A4F7556}") = "24-Interfaces", "24-Interfaces\24-Interfaces.csproj", "{CF6A26FE-1091-4FDB-807D-92A7E10756A5}"
EndProject
Project("{9A19103F-16F7-4668-BE54-9A1E7A4F7556}") = "25-Equality", "25-Equality\25-Equality.csproj", "{5A08530D-268B-4C20-B29C-04EF877A1FB9}"
EndProject
Project("{9A19103F-16F7-4668-BE54-9A1E7A4F7556}") = "26-Iterators", "26-Iterators\26-Iterators.csproj", "{348B5ACF-389C-45EC-9CCA-13BF2522A19A}"
EndProject
Project("{9A19103F-16F7-4668-BE54-9A1E7A4F7556}") = "27-Reflection", "27-Reflection\27-Reflection.csproj", "{831230AF-70AC-4BA4-B844-3CB625B22EA5}"
EndProject
Project("{9A19103F-16F7-4668-BE54-9A1E7A4F7556}") = "28-Attributes", "28-Attributes\28-Attributes.csproj", "{0270CAAE-798E-4616-802B-21BEF5A14A3A}"
EndProject
Project("{9A19103F-16F7-4668-BE54-9A1E7A4F7556}") = "29-Initializers", "29-Initializers\29-Initializers.csproj", "{6B01C23E-69AC-4298-8713-E0DAB4E29D96}"
EndProject
Project("{9A19103F-16F7-4668-BE54-9A1E7A4F7556}") = "30-Partials", "30-Partials\30-Partials.csproj", "{D0D216E6-7C9B-4F06-A1C2-91E3B1992FE0}"
EndProject
Project("{9A19103F-16F7-4668-BE54-9A1E7A4F7556}") = "31-Anonymous", "31-Anonymous\31-Anonymous.csproj", "{5659AD3F-8192-4457-8272-6BF37F8DFBBA}"
EndProject
Project("{9A19103F-16F7-4668-BE54-9A1E7A4F7556}") = "32-Lambda", "32-Lambda\32-Lambda.csproj", "{777E4E1F-82A4-457F-ACFA-4239200E6979}"
EndProject
Project("{9A19103F-16F7-4668-BE54-9A1E7A4F7556}") = "33-Implicit", "33-Implicit\33-Implicit.csproj", "{6E5A2F2F-2023-478B-84ED-E97E9A2B3B96}"
EndProject
Project("{9A19103F-16F7-4668-BE54-9A1E7A4F7556}") = "34-Extension", "34-Extension\34-Extension.csproj", "{640D7EE3-2225-4443-B13A-9C7ABA522BBE}"
EndProject
Project("{9A19103F-16F7-4668-BE54-9A1E7A4F7556}") = "35-Dynamic", "35-Dynamic\35-Dynamic.csproj", "{40582AE9-0DC6-430A-9B9E-6E2012E18F2A}"
EndProject
Global
	GlobalSection(SolutionConfigurationPlatforms) = preSolution
		Debug|Any CPU = Debug|Any CPU
		Release|Any CPU = Release|Any CPU
	EndGlobalSection
	GlobalSection(ProjectConfigurationPlatforms) = postSolution
		{514EF21B-C5E7-47B4-AF3A-2A570A22CBAD}.Debug|Any CPU.ActiveCfg = Debug|Any CPU
		{514EF21B-C5E7-47B4-AF3A-2A570A22CBAD}.Debug|Any CPU.Build.0 = Debug|Any CPU
		{514EF21B-C5E7-47B4-AF3A-2A570A22CBAD}.Release|Any CPU.ActiveCfg = Release|Any CPU
		{514EF21B-C5E7-47B4-AF3A-2A570A22CBAD}.Release|Any CPU.Build.0 = Release|Any CPU
		{416E5671-8299-4C6D-9EAA-813C56990412}.Debug|Any CPU.ActiveCfg = Debug|Any CPU
		{416E5671-8299-4C6D-9EAA-813C56990412}.Debug|Any CPU.Build.0 = Debug|Any CPU
		{416E5671-8299-4C6D-9EAA-813C56990412}.Release|Any CPU.ActiveCfg = Release|Any CPU
		{416E5671-8299-4C6D-9EAA-813C56990412}.Release|Any CPU.Build.0 = Release|Any CPU
		{B51F0573-5268-4A12-B19B-321973A75285}.Debug|Any CPU.ActiveCfg = Debug|Any CPU
		{B51F0573-5268-4A12-B19B-321973A75285}.Debug|Any CPU.Build.0 = Debug|Any CPU
		{B51F0573-5268-4A12-B19B-321973A75285}.Release|Any CPU.ActiveCfg = Release|Any CPU
		{B51F0573-5268-4A12-B19B-321973A75285}.Release|Any CPU.Build.0 = Release|Any CPU
		{E0B40F5E-17B2-4909-8D34-3E637A192FFB}.Debug|Any CPU.ActiveCfg = Debug|Any CPU
		{E0B40F5E-17B2-4909-8D34-3E637A192FFB}.Debug|Any CPU.Build.0 = Debug|Any CPU
		{E0B40F5E-17B2-4909-8D34-3E637A192FFB}.Release|Any CPU.ActiveCfg = Release|Any CPU
		{E0B40F5E-17B2-4909-8D34-3E637A192FFB}.Release|Any CPU.Build.0 = Release|Any CPU
		{A6A64DC8-7257-4EC1-B3FE-5ED9C21DD14B}.Debug|Any CPU.ActiveCfg = Debug|Any CPU
		{A6A64DC8-7257-4EC1-B3FE-5ED9C21DD14B}.Debug|Any CPU.Build.0 = Debug|Any CPU
		{A6A64DC8-7257-4EC1-B3FE-5ED9C21DD14B}.Release|Any CPU.ActiveCfg = Release|Any CPU
		{A6A64DC8-7257-4EC1-B3FE-5ED9C21DD14B}.Release|Any CPU.Build.0 = Release|Any CPU
		{5E3EBFE6-5DEB-4731-8E5D-AE27594F91C4}.Debug|Any CPU.ActiveCfg = Debug|Any CPU
		{5E3EBFE6-5DEB-4731-8E5D-AE27594F91C4}.Debug|Any CPU.Build.0 = Debug|Any CPU
		{5E3EBFE6-5DEB-4731-8E5D-AE27594F91C4}.Release|Any CPU.ActiveCfg = Release|Any CPU
		{5E3EBFE6-5DEB-4731-8E5D-AE27594F91C4}.Release|Any CPU.Build.0 = Release|Any CPU
		{84B18E3E-7A5F-4537-B806-15AD5F715C23}.Debug|Any CPU.ActiveCfg = Debug|Any CPU
		{84B18E3E-7A5F-4537-B806-15AD5F715C23}.Debug|Any CPU.Build.0 = Debug|Any CPU
		{84B18E3E-7A5F-4537-B806-15AD5F715C23}.Release|Any CPU.ActiveCfg = Release|Any CPU
		{84B18E3E-7A5F-4537-B806-15AD5F715C23}.Release|Any CPU.Build.0 = Release|Any CPU
		{333BBBF5-2D41-4126-86C9-3B7AAB384CB0}.Debug|Any CPU.ActiveCfg = Debug|Any CPU
		{333BBBF5-2D41-4126-86C9-3B7AAB384CB0}.Debug|Any CPU.Build.0 = Debug|Any CPU
		{333BBBF5-2D41-4126-86C9-3B7AAB384CB0}.Release|Any CPU.ActiveCfg = Release|Any CPU
		{333BBBF5-2D41-4126-86C9-3B7AAB384CB0}.Release|Any CPU.Build.0 = Release|Any CPU
		{1CCA94C4-6C0F-4CED-BF37-70254ABDF97D}.Debug|Any CPU.ActiveCfg = Debug|Any CPU
		{1CCA94C4-6C0F-4CED-BF37-70254ABDF97D}.Debug|Any CPU.Build.0 = Debug|Any CPU
		{1CCA94C4-6C0F-4CED-BF37-70254ABDF97D}.Release|Any CPU.ActiveCfg = Release|Any CPU
		{1CCA94C4-6C0F-4CED-BF37-70254ABDF97D}.Release|Any CPU.Build.0 = Release|Any CPU
		{C1F0E62E-D044-4569-8E04-B7C251E4B03E}.Debug|Any CPU.ActiveCfg = Debug|Any CPU
		{C1F0E62E-D044-4569-8E04-B7C251E4B03E}.Debug|Any CPU.Build.0 = Debug|Any CPU
		{C1F0E62E-D044-4569-8E04-B7C251E4B03E}.Release|Any CPU.ActiveCfg = Release|Any CPU
		{C1F0E62E-D044-4569-8E04-B7C251E4B03E}.Release|Any CPU.Build.0 = Release|Any CPU
		{58EA715C-841E-4056-81AB-F8A077ED185F}.Debug|Any CPU.ActiveCfg = Debug|Any CPU
		{58EA715C-841E-4056-81AB-F8A077ED185F}.Debug|Any CPU.Build.0 = Debug|Any CPU
		{58EA715C-841E-4056-81AB-F8A077ED185F}.Release|Any CPU.ActiveCfg = Release|Any CPU
		{58EA715C-841E-4056-81AB-F8A077ED185F}.Release|Any CPU.Build.0 = Release|Any CPU
		{0F886F7D-34BC-4720-8EA1-CF81354ADDD4}.Debug|Any CPU.ActiveCfg = Debug|Any CPU
		{0F886F7D-34BC-4720-8EA1-CF81354ADDD4}.Debug|Any CPU.Build.0 = Debug|Any CPU
		{0F886F7D-34BC-4720-8EA1-CF81354ADDD4}.Release|Any CPU.ActiveCfg = Release|Any CPU
		{0F886F7D-34BC-4720-8EA1-CF81354ADDD4}.Release|Any CPU.Build.0 = Release|Any CPU
		{FD992B07-80F2-4129-9688-DB3D47F24935}.Debug|Any CPU.ActiveCfg = Debug|Any CPU
		{FD992B07-80F2-4129-9688-DB3D47F24935}.Debug|Any CPU.Build.0 = Debug|Any CPU
		{FD992B07-80F2-4129-9688-DB3D47F24935}.Release|Any CPU.ActiveCfg = Release|Any CPU
		{FD992B07-80F2-4129-9688-DB3D47F24935}.Release|Any CPU.Build.0 = Release|Any CPU
		{01735D65-9A46-4F95-A11C-63746DAF18CC}.Debug|Any CPU.ActiveCfg = Debug|Any CPU
		{01735D65-9A46-4F95-A11C-63746DAF18CC}.Debug|Any CPU.Build.0 = Debug|Any CPU
		{01735D65-9A46-4F95-A11C-63746DAF18CC}.Release|Any CPU.ActiveCfg = Release|Any CPU
		{01735D65-9A46-4F95-A11C-63746DAF18CC}.Release|Any CPU.Build.0 = Release|Any CPU
		{6BC44289-6287-4A48-B2F3-50952A865EF9}.Debug|Any CPU.ActiveCfg = Debug|Any CPU
		{6BC44289-6287-4A48-B2F3-50952A865EF9}.Debug|Any CPU.Build.0 = Debug|Any CPU
		{6BC44289-6287-4A48-B2F3-50952A865EF9}.Release|Any CPU.ActiveCfg = Release|Any CPU
		{6BC44289-6287-4A48-B2F3-50952A865EF9}.Release|Any CPU.Build.0 = Release|Any CPU
		{E174A4C0-B36D-4BE6-AB97-B7953E5A8FA0}.Debug|Any CPU.ActiveCfg = Debug|Any CPU
		{E174A4C0-B36D-4BE6-AB97-B7953E5A8FA0}.Debug|Any CPU.Build.0 = Debug|Any CPU
		{E174A4C0-B36D-4BE6-AB97-B7953E5A8FA0}.Release|Any CPU.ActiveCfg = Release|Any CPU
		{E174A4C0-B36D-4BE6-AB97-B7953E5A8FA0}.Release|Any CPU.Build.0 = Release|Any CPU
		{4E2B0B51-9C8B-4992-9657-82779AE909DF}.Debug|Any CPU.ActiveCfg = Debug|Any CPU
		{4E2B0B51-9C8B-4992-9657-82779AE909DF}.Debug|Any CPU.Build.0 = Debug|Any CPU
		{4E2B0B51-9C8B-4992-9657-82779AE909DF}.Release|Any CPU.ActiveCfg = Release|Any CPU
		{4E2B0B51-9C8B-4992-9657-82779AE909DF}.Release|Any CPU.Build.0 = Release|Any CPU
		{63CDDD24-3720-412C-B88C-CDE903123EF2}.Debug|Any CPU.ActiveCfg = Debug|Any CPU
		{63CDDD24-3720-412C-B88C-CDE903123EF2}.Debug|Any CPU.Build.0 = Debug|Any CPU
		{63CDDD24-3720-412C-B88C-CDE903123EF2}.Release|Any CPU.ActiveCfg = Release|Any CPU
		{63CDDD24-3720-412C-B88C-CDE903123EF2}.Release|Any CPU.Build.0 = Release|Any CPU
		{29F79097-8F77-4BF6-8C4C-E8BFC5A1D27A}.Debug|Any CPU.ActiveCfg = Debug|Any CPU
		{29F79097-8F77-4BF6-8C4C-E8BFC5A1D27A}.Debug|Any CPU.Build.0 = Debug|Any CPU
		{29F79097-8F77-4BF6-8C4C-E8BFC5A1D27A}.Release|Any CPU.ActiveCfg = Release|Any CPU
		{29F79097-8F77-4BF6-8C4C-E8BFC5A1D27A}.Release|Any CPU.Build.0 = Release|Any CPU
		{C56C1905-3D92-4C3C-84CA-0F44AE2CEA14}.Debug|Any CPU.ActiveCfg = Debug|Any CPU
		{C56C1905-3D92-4C3C-84CA-0F44AE2CEA14}.Debug|Any CPU.Build.0 = Debug|Any CPU
		{C56C1905-3D92-4C3C-84CA-0F44AE2CEA14}.Release|Any CPU.ActiveCfg = Release|Any CPU
		{C56C1905-3D92-4C3C-84CA-0F44AE2CEA14}.Release|Any CPU.Build.0 = Release|Any CPU
		{F7E1B570-0F12-4262-B8E9-5D758BD1DC9F}.Debug|Any CPU.ActiveCfg = Debug|Any CPU
		{F7E1B570-0F12-4262-B8E9-5D758BD1DC9F}.Debug|Any CPU.Build.0 = Debug|Any CPU
		{F7E1B570-0F12-4262-B8E9-5D758BD1DC9F}.Release|Any CPU.ActiveCfg = Release|Any CPU
		{F7E1B570-0F12-4262-B8E9-5D758BD1DC9F}.Release|Any CPU.Build.0 = Release|Any CPU
		{419495BA-D0F7-4F7D-90F3-08814EC482CB}.Debug|Any CPU.ActiveCfg = Debug|Any CPU
		{419495BA-D0F7-4F7D-90F3-08814EC482CB}.Debug|Any CPU.Build.0 = Debug|Any CPU
		{419495BA-D0F7-4F7D-90F3-08814EC482CB}.Release|Any CPU.ActiveCfg = Release|Any CPU
		{419495BA-D0F7-4F7D-90F3-08814EC482CB}.Release|Any CPU.Build.0 = Release|Any CPU
		{F31D0600-8287-4110-9F4A-BA24DEB16C1A}.Debug|Any CPU.ActiveCfg = Debug|Any CPU
		{F31D0600-8287-4110-9F4A-BA24DEB16C1A}.Debug|Any CPU.Build.0 = Debug|Any CPU
		{F31D0600-8287-4110-9F4A-BA24DEB16C1A}.Release|Any CPU.ActiveCfg = Release|Any CPU
		{F31D0600-8287-4110-9F4A-BA24DEB16C1A}.Release|Any CPU.Build.0 = Release|Any CPU
		{CF6A26FE-1091-4FDB-807D-92A7E10756A5}.Debug|Any CPU.ActiveCfg = Debug|Any CPU
		{CF6A26FE-1091-4FDB-807D-92A7E10756A5}.Debug|Any CPU.Build.0 = Debug|Any CPU
		{CF6A26FE-1091-4FDB-807D-92A7E10756A5}.Release|Any CPU.ActiveCfg = Release|Any CPU
		{CF6A26FE-1091-4FDB-807D-92A7E10756A5}.Release|Any CPU.Build.0 = Release|Any CPU
		{5A08530D-268B-4C20-B29C-04EF877A1FB9}.Debug|Any CPU.ActiveCfg = Debug|Any CPU
		{5A08530D-268B-4C20-B29C-04EF877A1FB9}.Debug|Any CPU.Build.0 = Debug|Any CPU
		{5A08530D-268B-4C20-B29C-04EF877A1FB9}.Release|Any CPU.ActiveCfg = Release|Any CPU
		{5A08530D-268B-4C20-B29C-04EF877A1FB9}.Release|Any CPU.Build.0 = Release|Any CPU
		{348B5ACF-389C-45EC-9CCA-13BF2522A19A}.Debug|Any CPU.ActiveCfg = Debug|Any CPU
		{348B5ACF-389C-45EC-9CCA-13BF2522A19A}.Debug|Any CPU.Build.0 = Debug|Any CPU
		{348B5ACF-389C-45EC-9CCA-13BF2522A19A}.Release|Any CPU.ActiveCfg = Release|Any CPU
		{348B5ACF-389C-45EC-9CCA-13BF2522A19A}.Release|Any CPU.Build.0 = Release|Any CPU
		{831230AF-70AC-4BA4-B844-3CB625B22EA5}.Debug|Any CPU.ActiveCfg = Debug|Any CPU
		{831230AF-70AC-4BA4-B844-3CB625B22EA5}.Debug|Any CPU.Build.0 = Debug|Any CPU
		{831230AF-70AC-4BA4-B844-3CB625B22EA5}.Release|Any CPU.ActiveCfg = Release|Any CPU
		{831230AF-70AC-4BA4-B844-3CB625B22EA5}.Release|Any CPU.Build.0 = Release|Any CPU
		{0270CAAE-798E-4616-802B-21BEF5A14A3A}.Debug|Any CPU.ActiveCfg = Debug|Any CPU
		{0270CAAE-798E-4616-802B-21BEF5A14A3A}.Debug|Any CPU.Build.0 = Debug|Any CPU
		{0270CAAE-798E-4616-802B-21BEF5A14A3A}.Release|Any CPU.ActiveCfg = Release|Any CPU
		{0270CAAE-798E-4616-802B-21BEF5A14A3A}.Release|Any CPU.Build.0 = Release|Any CPU
		{6B01C23E-69AC-4298-8713-E0DAB4E29D96}.Debug|Any CPU.ActiveCfg = Debug|Any CPU
		{6B01C23E-69AC-4298-8713-E0DAB4E29D96}.Debug|Any CPU.Build.0 = Debug|Any CPU
		{6B01C23E-69AC-4298-8713-E0DAB4E29D96}.Release|Any CPU.ActiveCfg = Release|Any CPU
		{6B01C23E-69AC-4298-8713-E0DAB4E29D96}.Release|Any CPU.Build.0 = Release|Any CPU
		{D0D216E6-7C9B-4F06-A1C2-91E3B1992FE0}.Debug|Any CPU.ActiveCfg = Debug|Any CPU
		{D0D216E6-7C9B-4F06-A1C2-91E3B1992FE0}.Debug|Any CPU.Build.0 = Debug|Any CPU
		{D0D216E6-7C9B-4F06-A1C2-91E3B1992FE0}.Release|Any CPU.ActiveCfg = Release|Any CPU
		{D0D216E6-7C9B-4F06-A1C2-91E3B1992FE0}.Release|Any CPU.Build.0 = Release|Any CPU
		{5659AD3F-8192-4457-8272-6BF37F8DFBBA}.Debug|Any CPU.ActiveCfg = Debug|Any CPU
		{5659AD3F-8192-4457-8272-6BF37F8DFBBA}.Debug|Any CPU.Build.0 = Debug|Any CPU
		{5659AD3F-8192-4457-8272-6BF37F8DFBBA}.Release|Any CPU.ActiveCfg = Release|Any CPU
		{5659AD3F-8192-4457-8272-6BF37F8DFBBA}.Release|Any CPU.Build.0 = Release|Any CPU
		{777E4E1F-82A4-457F-ACFA-4239200E6979}.Debug|Any CPU.ActiveCfg = Debug|Any CPU
		{777E4E1F-82A4-457F-ACFA-4239200E6979}.Debug|Any CPU.Build.0 = Debug|Any CPU
		{777E4E1F-82A4-457F-ACFA-4239200E6979}.Release|Any CPU.ActiveCfg = Release|Any CPU
		{777E4E1F-82A4-457F-ACFA-4239200E6979}.Release|Any CPU.Build.0 = Release|Any CPU
		{6E5A2F2F-2023-478B-84ED-E97E9A2B3B96}.Debug|Any CPU.ActiveCfg = Debug|Any CPU
		{6E5A2F2F-2023-478B-84ED-E97E9A2B3B96}.Debug|Any CPU.Build.0 = Debug|Any CPU
		{6E5A2F2F-2023-478B-84ED-E97E9A2B3B96}.Release|Any CPU.ActiveCfg = Release|Any CPU
		{6E5A2F2F-2023-478B-84ED-E97E9A2B3B96}.Release|Any CPU.Build.0 = Release|Any CPU
		{640D7EE3-2225-4443-B13A-9C7ABA522BBE}.Debug|Any CPU.ActiveCfg = Debug|Any CPU
		{640D7EE3-2225-4443-B13A-9C7ABA522BBE}.Debug|Any CPU.Build.0 = Debug|Any CPU
		{640D7EE3-2225-4443-B13A-9C7ABA522BBE}.Release|Any CPU.ActiveCfg = Release|Any CPU
		{640D7EE3-2225-4443-B13A-9C7ABA522BBE}.Release|Any CPU.Build.0 = Release|Any CPU
		{40582AE9-0DC6-430A-9B9E-6E2012E18F2A}.Debug|Any CPU.ActiveCfg = Debug|Any CPU
		{40582AE9-0DC6-430A-9B9E-6E2012E18F2A}.Debug|Any CPU.Build.0 = Debug|Any CPU
		{40582AE9-0DC6-430A-9B9E-6E2012E18F2A}.Release|Any CPU.ActiveCfg = Release|Any CPU
		{40582AE9-0DC6-430A-9B9E-6E2012E18F2A}.Release|Any CPU.Build.0 = Release|Any CPU
	EndGlobalSection
	GlobalSection(SolutionProperties) = preSolution
		HideSolutionNode = FALSE
	EndGlobalSection
	GlobalSection(ExtensibilityGlobals) = postSolution
		SolutionGuid = {CC1EF45B-3A1C-4F60-B4AE-148536F58511}
	EndGlobalSection
EndGlobal
