
Microsoft Visual Studio Solution File, Format Version 12.00
# Visual Studio Version 16
VisualStudioVersion = 16.0.32428.217
MinimumVisualStudioVersion = 10.0.40219.1
Project("{9A19103F-16F7-4668-BE54-9A1E7A4F7556}") = "MoreNamespaces", "MoreNamespaces.csproj", "{78B2ECB9-DFEF-432B-8B7E-EB58CFEB54BE}"
EndProject
Global
	GlobalSection(SolutionConfigurationPlatforms) = preSolution
		Debug|Any CPU = Debug|Any CPU
		Release|Any CPU = Release|Any CPU
	EndGlobalSection
	GlobalSection(ProjectConfigurationPlatforms) = postSolution
		{78B2ECB9-DFEF-432B-8B7E-EB58CFEB54BE}.Debug|Any CPU.ActiveCfg = Debug|Any CPU
		{78B2ECB9-DFEF-432B-8B7E-EB58CFEB54BE}.Debug|Any CPU.Build.0 = Debug|Any CPU
		{78B2ECB9-DFEF-432B-8B7E-EB58CFEB54BE}.Release|Any CPU.ActiveCfg = Release|Any CPU
		{78B2ECB9-DFEF-432B-8B7E-EB58CFEB54BE}.Release|Any CPU.Build.0 = Release|Any CPU
	EndGlobalSection
	GlobalSection(SolutionProperties) = preSolution
		HideSolutionNode = FALSE
	EndGlobalSection
	GlobalSection(ExtensibilityGlobals) = postSolution
		SolutionGuid = {67DC8238-C44D-4470-B8F2-8F97BDE46511}
	EndGlobalSection
EndGlobal
