
Microsoft Visual Studio Solution File, Format Version 12.00
# Visual Studio Version 16
VisualStudioVersion = 16.0.32428.217
MinimumVisualStudioVersion = 10.0.40219.1
Project("{9A19103F-16F7-4668-BE54-9A1E7A4F7556}") = "CommandLine", "CommandLine.csproj", "{D133056D-F404-4EFE-9978-2DDC0E4A48D6}"
EndProject
Global
	GlobalSection(SolutionConfigurationPlatforms) = preSolution
		Debug|Any CPU = Debug|Any CPU
		Release|Any CPU = Release|Any CPU
	EndGlobalSection
	GlobalSection(ProjectConfigurationPlatforms) = postSolution
		{D133056D-F404-4EFE-9978-2DDC0E4A48D6}.Debug|Any CPU.ActiveCfg = Debug|Any CPU
		{D133056D-F404-4EFE-9978-2DDC0E4A48D6}.Debug|Any CPU.Build.0 = Debug|Any CPU
		{D133056D-F404-4EFE-9978-2DDC0E4A48D6}.Release|Any CPU.ActiveCfg = Release|Any CPU
		{D133056D-F404-4EFE-9978-2DDC0E4A48D6}.Release|Any CPU.Build.0 = Release|Any CPU
	EndGlobalSection
	GlobalSection(SolutionProperties) = preSolution
		HideSolutionNode = FALSE
	EndGlobalSection
	GlobalSection(ExtensibilityGlobals) = postSolution
		SolutionGuid = {D2D3DC6A-47AB-43B9-BA81-B7A249EF8DA7}
	EndGlobalSection
EndGlobal
