
Microsoft Visual Studio Solution File, Format Version 12.00
# Visual Studio Version 16
VisualStudioVersion = 16.0.32428.217
MinimumVisualStudioVersion = 10.0.40219.1
Project("{9A19103F-16F7-4668-BE54-9A1E7A4F7556}") = "Iterators", "Iterators.csproj", "{F87C8232-EA65-46AB-93C0-C4CE89DD7804}"
EndProject
Global
	GlobalSection(SolutionConfigurationPlatforms) = preSolution
		Debug|Any CPU = Debug|Any CPU
		Release|Any CPU = Release|Any CPU
	EndGlobalSection
	GlobalSection(ProjectConfigurationPlatforms) = postSolution
		{F87C8232-EA65-46AB-93C0-C4CE89DD7804}.Debug|Any CPU.ActiveCfg = Debug|Any CPU
		{F87C8232-EA65-46AB-93C0-C4CE89DD7804}.Debug|Any CPU.Build.0 = Debug|Any CPU
		{F87C8232-EA65-46AB-93C0-C4CE89DD7804}.Release|Any CPU.ActiveCfg = Release|Any CPU
		{F87C8232-EA65-46AB-93C0-C4CE89DD7804}.Release|Any CPU.Build.0 = Release|Any CPU
	EndGlobalSection
	GlobalSection(SolutionProperties) = preSolution
		HideSolutionNode = FALSE
	EndGlobalSection
	GlobalSection(ExtensibilityGlobals) = postSolution
		SolutionGuid = {08F163C8-45D8-4B62-A9D2-A4222E68A965}
	EndGlobalSection
EndGlobal
