
Microsoft Visual Studio Solution File, Format Version 12.00
# Visual Studio Version 16
VisualStudioVersion = 16.0.32428.217
MinimumVisualStudioVersion = 10.0.40219.1
Project("{9A19103F-16F7-4668-BE54-9A1E7A4F7556}") = "Abstract", "Abstract.csproj", "{7E811413-D283-4DAD-89BE-80D081EB7291}"
EndProject
Global
	GlobalSection(SolutionConfigurationPlatforms) = preSolution
		Debug|Any CPU = Debug|Any CPU
		Release|Any CPU = Release|Any CPU
	EndGlobalSection
	GlobalSection(ProjectConfigurationPlatforms) = postSolution
		{7E811413-D283-4DAD-89BE-80D081EB7291}.Debug|Any CPU.ActiveCfg = Debug|Any CPU
		{7E811413-D283-4DAD-89BE-80D081EB7291}.Debug|Any CPU.Build.0 = Debug|Any CPU
		{7E811413-D283-4DAD-89BE-80D081EB7291}.Release|Any CPU.ActiveCfg = Release|Any CPU
		{7E811413-D283-4DAD-89BE-80D081EB7291}.Release|Any CPU.Build.0 = Release|Any CPU
	EndGlobalSection
	GlobalSection(SolutionProperties) = preSolution
		HideSolutionNode = FALSE
	EndGlobalSection
	GlobalSection(ExtensibilityGlobals) = postSolution
		SolutionGuid = {88E3D69C-8296-4F99-AC1A-DF6523BC485F}
	EndGlobalSection
EndGlobal
