
Microsoft Visual Studio Solution File, Format Version 12.00
# Visual Studio Version 16
VisualStudioVersion = 16.0.32428.217
MinimumVisualStudioVersion = 10.0.40219.1
Project("{9A19103F-16F7-4668-BE54-9A1E7A4F7556}") = "ExpressionBodied", "ExpressionBodied.csproj", "{F66E921B-3A8A-429B-9819-95E249FE0EED}"
EndProject
Global
	GlobalSection(SolutionConfigurationPlatforms) = preSolution
		Debug|Any CPU = Debug|Any CPU
		Release|Any CPU = Release|Any CPU
	EndGlobalSection
	GlobalSection(ProjectConfigurationPlatforms) = postSolution
		{F66E921B-3A8A-429B-9819-95E249FE0EED}.Debug|Any CPU.ActiveCfg = Debug|Any CPU
		{F66E921B-3A8A-429B-9819-95E249FE0EED}.Debug|Any CPU.Build.0 = Debug|Any CPU
		{F66E921B-3A8A-429B-9819-95E249FE0EED}.Release|Any CPU.ActiveCfg = Release|Any CPU
		{F66E921B-3A8A-429B-9819-95E249FE0EED}.Release|Any CPU.Build.0 = Release|Any CPU
	EndGlobalSection
	GlobalSection(SolutionProperties) = preSolution
		HideSolutionNode = FALSE
	EndGlobalSection
	GlobalSection(ExtensibilityGlobals) = postSolution
		SolutionGuid = {3BC74FAC-3284-454C-9B90-F422A2306ABE}
	EndGlobalSection
EndGlobal
