
Microsoft Visual Studio Solution File, Format Version 12.00
# Visual Studio Version 16
VisualStudioVersion = 16.0.32428.217
MinimumVisualStudioVersion = 10.0.40219.1
Project("{9A19103F-16F7-4668-BE54-9A1E7A4F7556}") = "Initializers", "Initializers.csproj", "{BC65987F-7D82-415D-B070-2FBB450F15F3}"
EndProject
Global
	GlobalSection(SolutionConfigurationPlatforms) = preSolution
		Debug|Any CPU = Debug|Any CPU
		Release|Any CPU = Release|Any CPU
	EndGlobalSection
	GlobalSection(ProjectConfigurationPlatforms) = postSolution
		{BC65987F-7D82-415D-B070-2FBB450F15F3}.Debug|Any CPU.ActiveCfg = Debug|Any CPU
		{BC65987F-7D82-415D-B070-2FBB450F15F3}.Debug|Any CPU.Build.0 = Debug|Any CPU
		{BC65987F-7D82-415D-B070-2FBB450F15F3}.Release|Any CPU.ActiveCfg = Release|Any CPU
		{BC65987F-7D82-415D-B070-2FBB450F15F3}.Release|Any CPU.Build.0 = Release|Any CPU
	EndGlobalSection
	GlobalSection(SolutionProperties) = preSolution
		HideSolutionNode = FALSE
	EndGlobalSection
	GlobalSection(ExtensibilityGlobals) = postSolution
		SolutionGuid = {ABA7010E-127B-47DB-A877-652DC51044FB}
	EndGlobalSection
EndGlobal
