
Microsoft Visual Studio Solution File, Format Version 12.00
# Visual Studio Version 16
VisualStudioVersion = 16.0.32428.217
MinimumVisualStudioVersion = 10.0.40219.1
Project("{9A19103F-16F7-4668-BE54-9A1E7A4F7556}") = "Interfaces", "Interfaces.csproj", "{F412294C-C31C-4CB9-A99E-771709535ECF}"
EndProject
Global
	GlobalSection(SolutionConfigurationPlatforms) = preSolution
		Debug|Any CPU = Debug|Any CPU
		Release|Any CPU = Release|Any CPU
	EndGlobalSection
	GlobalSection(ProjectConfigurationPlatforms) = postSolution
		{F412294C-C31C-4CB9-A99E-771709535ECF}.Debug|Any CPU.ActiveCfg = Debug|Any CPU
		{F412294C-C31C-4CB9-A99E-771709535ECF}.Debug|Any CPU.Build.0 = Debug|Any CPU
		{F412294C-C31C-4CB9-A99E-771709535ECF}.Release|Any CPU.ActiveCfg = Release|Any CPU
		{F412294C-C31C-4CB9-A99E-771709535ECF}.Release|Any CPU.Build.0 = Release|Any CPU
	EndGlobalSection
	GlobalSection(SolutionProperties) = preSolution
		HideSolutionNode = FALSE
	EndGlobalSection
	GlobalSection(ExtensibilityGlobals) = postSolution
		SolutionGuid = {055B09B2-E313-4084-99BF-1C17955EA924}
	EndGlobalSection
EndGlobal
