
Microsoft Visual Studio Solution File, Format Version 12.00
# Visual Studio Version 16
VisualStudioVersion = 16.0.32428.217
MinimumVisualStudioVersion = 10.0.40219.1
Project("{9A19103F-16F7-4668-BE54-9A1E7A4F7556}") = "Types", "Types.csproj", "{5E79BCC5-7AA7-4FBA-9A47-933BBE11E62F}"
EndProject
Global
	GlobalSection(SolutionConfigurationPlatforms) = preSolution
		Debug|Any CPU = Debug|Any CPU
		Release|Any CPU = Release|Any CPU
	EndGlobalSection
	GlobalSection(ProjectConfigurationPlatforms) = postSolution
		{5E79BCC5-7AA7-4FBA-9A47-933BBE11E62F}.Debug|Any CPU.ActiveCfg = Debug|Any CPU
		{5E79BCC5-7AA7-4FBA-9A47-933BBE11E62F}.Debug|Any CPU.Build.0 = Debug|Any CPU
		{5E79BCC5-7AA7-4FBA-9A47-933BBE11E62F}.Release|Any CPU.ActiveCfg = Release|Any CPU
		{5E79BCC5-7AA7-4FBA-9A47-933BBE11E62F}.Release|Any CPU.Build.0 = Release|Any CPU
	EndGlobalSection
	GlobalSection(SolutionProperties) = preSolution
		HideSolutionNode = FALSE
	EndGlobalSection
	GlobalSection(ExtensibilityGlobals) = postSolution
		SolutionGuid = {0B1CAF58-559C-4E3D-A76F-7F90E7E97631}
	EndGlobalSection
EndGlobal
