
Microsoft Visual Studio Solution File, Format Version 12.00
# Visual Studio Version 16
VisualStudioVersion = 16.0.32428.217
MinimumVisualStudioVersion = 10.0.40219.1
Project("{9A19103F-16F7-4668-BE54-9A1E7A4F7556}") = "GenericCollections", "GenericCollections.csproj", "{595D2648-2E18-4195-ACE2-BE08F9B29F6E}"
EndProject
Global
	GlobalSection(SolutionConfigurationPlatforms) = preSolution
		Debug|Any CPU = Debug|Any CPU
		Release|Any CPU = Release|Any CPU
	EndGlobalSection
	GlobalSection(ProjectConfigurationPlatforms) = postSolution
		{595D2648-2E18-4195-ACE2-BE08F9B29F6E}.Debug|Any CPU.ActiveCfg = Debug|Any CPU
		{595D2648-2E18-4195-ACE2-BE08F9B29F6E}.Debug|Any CPU.Build.0 = Debug|Any CPU
		{595D2648-2E18-4195-ACE2-BE08F9B29F6E}.Release|Any CPU.ActiveCfg = Release|Any CPU
		{595D2648-2E18-4195-ACE2-BE08F9B29F6E}.Release|Any CPU.Build.0 = Release|Any CPU
	EndGlobalSection
	GlobalSection(SolutionProperties) = preSolution
		HideSolutionNode = FALSE
	EndGlobalSection
	GlobalSection(ExtensibilityGlobals) = postSolution
		SolutionGuid = {F8C1FF81-9C52-4703-9FF7-C6E60B886185}
	EndGlobalSection
EndGlobal
