
Microsoft Visual Studio Solution File, Format Version 12.00
# Visual Studio Version 16
VisualStudioVersion = 16.0.32428.217
MinimumVisualStudioVersion = 10.0.40219.1
Project("{9A19103F-16F7-4668-BE54-9A1E7A4F7556}") = "Generics", "Generics.csproj", "{1E08531B-AEED-4A53-B5EF-6134283B4737}"
EndProject
Global
	GlobalSection(SolutionConfigurationPlatforms) = preSolution
		Debug|Any CPU = Debug|Any CPU
		Release|Any CPU = Release|Any CPU
	EndGlobalSection
	GlobalSection(ProjectConfigurationPlatforms) = postSolution
		{1E08531B-AEED-4A53-B5EF-6134283B4737}.Debug|Any CPU.ActiveCfg = Debug|Any CPU
		{1E08531B-AEED-4A53-B5EF-6134283B4737}.Debug|Any CPU.Build.0 = Debug|Any CPU
		{1E08531B-AEED-4A53-B5EF-6134283B4737}.Release|Any CPU.ActiveCfg = Release|Any CPU
		{1E08531B-AEED-4A53-B5EF-6134283B4737}.Release|Any CPU.Build.0 = Release|Any CPU
	EndGlobalSection
	GlobalSection(SolutionProperties) = preSolution
		HideSolutionNode = FALSE
	EndGlobalSection
	GlobalSection(ExtensibilityGlobals) = postSolution
		SolutionGuid = {7E708548-C365-479F-BC40-066766F5D9E6}
	EndGlobalSection
EndGlobal
