
Microsoft Visual Studio Solution File, Format Version 12.00
# Visual Studio Version 16
VisualStudioVersion = 16.0.32428.217
MinimumVisualStudioVersion = 10.0.40219.1
Project("{9A19103F-16F7-4668-BE54-9A1E7A4F7556}") = "Equality", "Equality.csproj", "{347B7CDC-3527-41CD-AFAC-EE7D199E5C67}"
EndProject
Global
	GlobalSection(SolutionConfigurationPlatforms) = preSolution
		Debug|Any CPU = Debug|Any CPU
		Release|Any CPU = Release|Any CPU
	EndGlobalSection
	GlobalSection(ProjectConfigurationPlatforms) = postSolution
		{347B7CDC-3527-41CD-AFAC-EE7D199E5C67}.Debug|Any CPU.ActiveCfg = Debug|Any CPU
		{347B7CDC-3527-41CD-AFAC-EE7D199E5C67}.Debug|Any CPU.Build.0 = Debug|Any CPU
		{347B7CDC-3527-41CD-AFAC-EE7D199E5C67}.Release|Any CPU.ActiveCfg = Release|Any CPU
		{347B7CDC-3527-41CD-AFAC-EE7D199E5C67}.Release|Any CPU.Build.0 = Release|Any CPU
	EndGlobalSection
	GlobalSection(SolutionProperties) = preSolution
		HideSolutionNode = FALSE
	EndGlobalSection
	GlobalSection(ExtensibilityGlobals) = postSolution
		SolutionGuid = {72F79F4C-3957-4A97-B472-E51AEB4AF4C1}
	EndGlobalSection
EndGlobal
