
Microsoft Visual Studio Solution File, Format Version 12.00
# Visual Studio Version 16
VisualStudioVersion = 16.0.32428.217
MinimumVisualStudioVersion = 10.0.40219.1
Project("{9A19103F-16F7-4668-BE54-9A1E7A4F7556}") = "Derived", "Derived.csproj", "{A25AADCE-7700-4223-B4A4-C3EF5C916B52}"
EndProject
Global
	GlobalSection(SolutionConfigurationPlatforms) = preSolution
		Debug|Any CPU = Debug|Any CPU
		Release|Any CPU = Release|Any CPU
	EndGlobalSection
	GlobalSection(ProjectConfigurationPlatforms) = postSolution
		{A25AADCE-7700-4223-B4A4-C3EF5C916B52}.Debug|Any CPU.ActiveCfg = Debug|Any CPU
		{A25AADCE-7700-4223-B4A4-C3EF5C916B52}.Debug|Any CPU.Build.0 = Debug|Any CPU
		{A25AADCE-7700-4223-B4A4-C3EF5C916B52}.Release|Any CPU.ActiveCfg = Release|Any CPU
		{A25AADCE-7700-4223-B4A4-C3EF5C916B52}.Release|Any CPU.Build.0 = Release|Any CPU
	EndGlobalSection
	GlobalSection(SolutionProperties) = preSolution
		HideSolutionNode = FALSE
	EndGlobalSection
	GlobalSection(ExtensibilityGlobals) = postSolution
		SolutionGuid = {6785271B-CA07-4476-B609-C385003E7FE9}
	EndGlobalSection
EndGlobal
